
Microsoft Visual Studio Solution File, Format Version 12.00
# Visual Studio 14
VisualStudioVersion = 14.0.25123.0
MinimumVisualStudioVersion = 10.0.40219.1
Project("{2150E333-8FDC-42A3-9474-1A3956D46DE8}") = "Solution Items", "Solution Items", "{F6EAA8EC-C6F7-431B-89DE-98733DF47C7C}"
	ProjectSection(SolutionItems) = preProject
		global.json = global.json
	EndProjectSection
EndProject
Project("{8BB2217D-0F2D-49D1-97BC-3654ED321F3B}") = "AppSyndication.FrontDoor.Web", "src\AppSyndication.FrontDoor.Web\AppSyndication.FrontDoor.Web.xproj", "{7D1F0B4A-D562-4EB7-9CD2-15FED6402FBC}"
EndProject
Project("{8BB2217D-0F2D-49D1-97BC-3654ED321F3B}") = "Data", "..\BackendModel\src\AppSyndication.BackendModel.Data\Data.xproj", "{F75F973D-B9A1-4603-A47D-E1B958FF63D3}"
EndProject
Project("{8BB2217D-0F2D-49D1-97BC-3654ED321F3B}") = "IndexedData", "..\BackendModel\src\AppSyndication.BackendModel.IndexedData\IndexedData.xproj", "{1A5FEDA4-D1C2-4D1E-BA89-CD1805C9CFD6}"
EndProject
Global
	GlobalSection(SolutionConfigurationPlatforms) = preSolution
		Debug|Any CPU = Debug|Any CPU
		Release|Any CPU = Release|Any CPU
	EndGlobalSection
	GlobalSection(ProjectConfigurationPlatforms) = postSolution
		{7D1F0B4A-D562-4EB7-9CD2-15FED6402FBC}.Debug|Any CPU.ActiveCfg = Debug|Any CPU
		{7D1F0B4A-D562-4EB7-9CD2-15FED6402FBC}.Debug|Any CPU.Build.0 = Debug|Any CPU
		{7D1F0B4A-D562-4EB7-9CD2-15FED6402FBC}.Release|Any CPU.ActiveCfg = Release|Any CPU
		{7D1F0B4A-D562-4EB7-9CD2-15FED6402FBC}.Release|Any CPU.Build.0 = Release|Any CPU
		{F75F973D-B9A1-4603-A47D-E1B958FF63D3}.Debug|Any CPU.ActiveCfg = Debug|Any CPU
		{F75F973D-B9A1-4603-A47D-E1B958FF63D3}.Debug|Any CPU.Build.0 = Debug|Any CPU
		{F75F973D-B9A1-4603-A47D-E1B958FF63D3}.Release|Any CPU.ActiveCfg = Release|Any CPU
		{F75F973D-B9A1-4603-A47D-E1B958FF63D3}.Release|Any CPU.Build.0 = Release|Any CPU
		{1A5FEDA4-D1C2-4D1E-BA89-CD1805C9CFD6}.Debug|Any CPU.ActiveCfg = Debug|Any CPU
		{1A5FEDA4-D1C2-4D1E-BA89-CD1805C9CFD6}.Debug|Any CPU.Build.0 = Debug|Any CPU
		{1A5FEDA4-D1C2-4D1E-BA89-CD1805C9CFD6}.Release|Any CPU.ActiveCfg = Release|Any CPU
		{1A5FEDA4-D1C2-4D1E-BA89-CD1805C9CFD6}.Release|Any CPU.Build.0 = Release|Any CPU
	EndGlobalSection
	GlobalSection(SolutionProperties) = preSolution
		HideSolutionNode = FALSE
	EndGlobalSection
EndGlobal
